// !$*UTF8*$!
{
	archiveVersion = 1;
	classes = {
	};
	objectVersion = 48;
	objects = {

/* Begin PBXBuildFile section */
		A7F81505DF54E619EBBB02C2 /* Pods_tabata.framework in Frameworks */ = {isa = PBXBuildFile; fileRef = 03C59F8127462455B4693332 /* Pods_tabata.framework */; };
		AE54A0EC207B0FDD000EC38C /* AppDelegate.swift in Sources */ = {isa = PBXBuildFile; fileRef = AE54A0EB207B0FDD000EC38C /* AppDelegate.swift */; };
		AE54A0EE207B0FDD000EC38C /* homeVC.swift in Sources */ = {isa = PBXBuildFile; fileRef = AE54A0ED207B0FDD000EC38C /* homeVC.swift */; };
		AE54A0F1207B0FDD000EC38C /* Main.storyboard in Resources */ = {isa = PBXBuildFile; fileRef = AE54A0EF207B0FDD000EC38C /* Main.storyboard */; };
		AE54A0F3207B0FDD000EC38C /* Assets.xcassets in Resources */ = {isa = PBXBuildFile; fileRef = AE54A0F2207B0FDD000EC38C /* Assets.xcassets */; };
		AE54A0F6207B0FDD000EC38C /* LaunchScreen.storyboard in Resources */ = {isa = PBXBuildFile; fileRef = AE54A0F4207B0FDD000EC38C /* LaunchScreen.storyboard */; };
		AE893E36207F0DD7005F9229 /* workoutVC.swift in Sources */ = {isa = PBXBuildFile; fileRef = AE893E35207F0DD7005F9229 /* workoutVC.swift */; };
		AE893E38207F0DE2005F9229 /* editVC.swift in Sources */ = {isa = PBXBuildFile; fileRef = AE893E37207F0DE2005F9229 /* editVC.swift */; };
		AE893E3A207F0E49005F9229 /* ReusableView.swift in Sources */ = {isa = PBXBuildFile; fileRef = AE893E39207F0E49005F9229 /* ReusableView.swift */; };
		AE893E3C207F0E68005F9229 /* NibLoadableView.swift in Sources */ = {isa = PBXBuildFile; fileRef = AE893E3B207F0E68005F9229 /* NibLoadableView.swift */; };
		AE893E3E207F0E81005F9229 /* UITableView+Ext.swift in Sources */ = {isa = PBXBuildFile; fileRef = AE893E3D207F0E81005F9229 /* UITableView+Ext.swift */; };
		AE893E40207F0E9A005F9229 /* WorkoutDataService.swift in Sources */ = {isa = PBXBuildFile; fileRef = AE893E3F207F0E9A005F9229 /* WorkoutDataService.swift */; };
		AE893E42207F0EA7005F9229 /* Workout.swift in Sources */ = {isa = PBXBuildFile; fileRef = AE893E41207F0EA7005F9229 /* Workout.swift */; };
/* End PBXBuildFile section */

/* Begin PBXFileReference section */
		03C59F8127462455B4693332 /* Pods_tabata.framework */ = {isa = PBXFileReference; explicitFileType = wrapper.framework; includeInIndex = 0; path = Pods_tabata.framework; sourceTree = BUILT_PRODUCTS_DIR; };
		983B0FB256EDA57FE734AF95 /* Pods-tabata.debug.xcconfig */ = {isa = PBXFileReference; includeInIndex = 1; lastKnownFileType = text.xcconfig; name = "Pods-tabata.debug.xcconfig"; path = "Pods/Target Support Files/Pods-tabata/Pods-tabata.debug.xcconfig"; sourceTree = "<group>"; };
		AE54A0E8207B0FDD000EC38C /* tabata.app */ = {isa = PBXFileReference; explicitFileType = wrapper.application; includeInIndex = 0; path = tabata.app; sourceTree = BUILT_PRODUCTS_DIR; };
		AE54A0EB207B0FDD000EC38C /* AppDelegate.swift */ = {isa = PBXFileReference; lastKnownFileType = sourcecode.swift; path = AppDelegate.swift; sourceTree = "<group>"; };
		AE54A0ED207B0FDD000EC38C /* homeVC.swift */ = {isa = PBXFileReference; lastKnownFileType = sourcecode.swift; path = homeVC.swift; sourceTree = "<group>"; };
		AE54A0F0207B0FDD000EC38C /* Base */ = {isa = PBXFileReference; lastKnownFileType = file.storyboard; name = Base; path = Base.lproj/Main.storyboard; sourceTree = "<group>"; };
		AE54A0F2207B0FDD000EC38C /* Assets.xcassets */ = {isa = PBXFileReference; lastKnownFileType = folder.assetcatalog; path = Assets.xcassets; sourceTree = "<group>"; };
		AE54A0F5207B0FDD000EC38C /* Base */ = {isa = PBXFileReference; lastKnownFileType = file.storyboard; name = Base; path = Base.lproj/LaunchScreen.storyboard; sourceTree = "<group>"; };
		AE54A0F7207B0FDD000EC38C /* Info.plist */ = {isa = PBXFileReference; lastKnownFileType = text.plist.xml; path = Info.plist; sourceTree = "<group>"; };
		AE893E35207F0DD7005F9229 /* workoutVC.swift */ = {isa = PBXFileReference; lastKnownFileType = sourcecode.swift; path = workoutVC.swift; sourceTree = "<group>"; };
		AE893E37207F0DE2005F9229 /* editVC.swift */ = {isa = PBXFileReference; lastKnownFileType = sourcecode.swift; path = editVC.swift; sourceTree = "<group>"; };
		AE893E39207F0E49005F9229 /* ReusableView.swift */ = {isa = PBXFileReference; lastKnownFileType = sourcecode.swift; path = ReusableView.swift; sourceTree = "<group>"; };
		AE893E3B207F0E68005F9229 /* NibLoadableView.swift */ = {isa = PBXFileReference; lastKnownFileType = sourcecode.swift; path = NibLoadableView.swift; sourceTree = "<group>"; };
		AE893E3D207F0E81005F9229 /* UITableView+Ext.swift */ = {isa = PBXFileReference; lastKnownFileType = sourcecode.swift; path = "UITableView+Ext.swift"; sourceTree = "<group>"; };
		AE893E3F207F0E9A005F9229 /* WorkoutDataService.swift */ = {isa = PBXFileReference; lastKnownFileType = sourcecode.swift; path = WorkoutDataService.swift; sourceTree = "<group>"; };
		AE893E41207F0EA7005F9229 /* Workout.swift */ = {isa = PBXFileReference; lastKnownFileType = sourcecode.swift; path = Workout.swift; sourceTree = "<group>"; };
		D80648465FA39C65CB8E48B8 /* Pods-tabata.release.xcconfig */ = {isa = PBXFileReference; includeInIndex = 1; lastKnownFileType = text.xcconfig; name = "Pods-tabata.release.xcconfig"; path = "Pods/Target Support Files/Pods-tabata/Pods-tabata.release.xcconfig"; sourceTree = "<group>"; };
/* End PBXFileReference section */

/* Begin PBXFrameworksBuildPhase section */
		AE54A0E5207B0FDD000EC38C /* Frameworks */ = {
			isa = PBXFrameworksBuildPhase;
			buildActionMask = 2147483647;
			files = (
				A7F81505DF54E619EBBB02C2 /* Pods_tabata.framework in Frameworks */,
			);
			runOnlyForDeploymentPostprocessing = 0;
		};
/* End PBXFrameworksBuildPhase section */

/* Begin PBXGroup section */
		06925A30ABA1147F12711374 /* Frameworks */ = {
			isa = PBXGroup;
			children = (
				03C59F8127462455B4693332 /* Pods_tabata.framework */,
			);
			name = Frameworks;
			sourceTree = "<group>";
		};
		67D2D636003DCEBD4BC72CE7 /* Pods */ = {
			isa = PBXGroup;
			children = (
				983B0FB256EDA57FE734AF95 /* Pods-tabata.debug.xcconfig */,
				D80648465FA39C65CB8E48B8 /* Pods-tabata.release.xcconfig */,
			);
			name = Pods;
			sourceTree = "<group>";
		};
		AE54A0DF207B0FDD000EC38C = {
			isa = PBXGroup;
			children = (
				AE54A0EA207B0FDD000EC38C /* tabata */,
				AE54A0E9207B0FDD000EC38C /* Products */,
				67D2D636003DCEBD4BC72CE7 /* Pods */,
				06925A30ABA1147F12711374 /* Frameworks */,
			);
			sourceTree = "<group>";
		};
		AE54A0E9207B0FDD000EC38C /* Products */ = {
			isa = PBXGroup;
			children = (
				AE54A0E8207B0FDD000EC38C /* tabata.app */,
			);
			name = Products;
			sourceTree = "<group>";
		};
		AE54A0EA207B0FDD000EC38C /* tabata */ = {
			isa = PBXGroup;
			children = (
				AE893E34207F0DA8005F9229 /* Extensions */,
				AE893E33207F0DA2005F9229 /* Protocols */,
				AE893E32207F0D9B005F9229 /* Services */,
				AE893E31207F0D94005F9229 /* Controllers */,
				AE893E30207F0D8F005F9229 /* Views */,
				AE893E2E207F0D81005F9229 /* Models */,
				AE54A0EB207B0FDD000EC38C /* AppDelegate.swift */,
				AE54A0EF207B0FDD000EC38C /* Main.storyboard */,
				AE54A0F2207B0FDD000EC38C /* Assets.xcassets */,
				AE54A0F4207B0FDD000EC38C /* LaunchScreen.storyboard */,
				AE54A0F7207B0FDD000EC38C /* Info.plist */,
			);
			path = tabata;
			sourceTree = "<group>";
		};
		AE893E2E207F0D81005F9229 /* Models */ = {
			isa = PBXGroup;
			children = (
				AE893E41207F0EA7005F9229 /* Workout.swift */,
			);
			path = Models;
			sourceTree = "<group>";
		};
		AE893E30207F0D8F005F9229 /* Views */ = {
			isa = PBXGroup;
			children = (
			);
			path = Views;
			sourceTree = "<group>";
		};
		AE893E31207F0D94005F9229 /* Controllers */ = {
			isa = PBXGroup;
			children = (
				AE54A0ED207B0FDD000EC38C /* homeVC.swift */,
				AE893E35207F0DD7005F9229 /* workoutVC.swift */,
				AE893E37207F0DE2005F9229 /* editVC.swift */,
			);
			path = Controllers;
			sourceTree = "<group>";
		};
		AE893E32207F0D9B005F9229 /* Services */ = {
			isa = PBXGroup;
			children = (
				AE893E3F207F0E9A005F9229 /* WorkoutDataService.swift */,
			);
			path = Services;
			sourceTree = "<group>";
		};
		AE893E33207F0DA2005F9229 /* Protocols */ = {
			isa = PBXGroup;
			children = (
				AE893E39207F0E49005F9229 /* ReusableView.swift */,
				AE893E3B207F0E68005F9229 /* NibLoadableView.swift */,
			);
			path = Protocols;
			sourceTree = "<group>";
		};
		AE893E34207F0DA8005F9229 /* Extensions */ = {
			isa = PBXGroup;
			children = (
				AE893E3D207F0E81005F9229 /* UITableView+Ext.swift */,
			);
			path = Extensions;
			sourceTree = "<group>";
		};
/* End PBXGroup section */

/* Begin PBXNativeTarget section */
		AE54A0E7207B0FDD000EC38C /* tabata */ = {
			isa = PBXNativeTarget;
			buildConfigurationList = AE54A0FA207B0FDD000EC38C /* Build configuration list for PBXNativeTarget "tabata" */;
			buildPhases = (
				F6B5975FB944B4B5AC22FD25 /* [CP] Check Pods Manifest.lock */,
				AE54A0E4207B0FDD000EC38C /* Sources */,
				AE54A0E5207B0FDD000EC38C /* Frameworks */,
				AE54A0E6207B0FDD000EC38C /* Resources */,
				4CC580B3CD02F118EC0E5AE9 /* [CP] Embed Pods Frameworks */,
				C42A5AE313FDA37C104C5FA1 /* [CP] Copy Pods Resources */,
			);
			buildRules = (
			);
			dependencies = (
			);
			name = tabata;
			productName = tabata;
			productReference = AE54A0E8207B0FDD000EC38C /* tabata.app */;
			productType = "com.apple.product-type.application";
		};
/* End PBXNativeTarget section */

/* Begin PBXProject section */
		AE54A0E0207B0FDD000EC38C /* Project object */ = {
			isa = PBXProject;
			attributes = {
				LastSwiftUpdateCheck = 0920;
				LastUpgradeCheck = 0920;
				ORGANIZATIONNAME = "Forest Plasencia";
				TargetAttributes = {
					AE54A0E7207B0FDD000EC38C = {
						CreatedOnToolsVersion = 9.2;
						ProvisioningStyle = Automatic;
					};
				};
			};
			buildConfigurationList = AE54A0E3207B0FDD000EC38C /* Build configuration list for PBXProject "tabata" */;
			compatibilityVersion = "Xcode 8.0";
			developmentRegion = en;
			hasScannedForEncodings = 0;
			knownRegions = (
				en,
				Base,
			);
			mainGroup = AE54A0DF207B0FDD000EC38C;
			productRefGroup = AE54A0E9207B0FDD000EC38C /* Products */;
			projectDirPath = "";
			projectRoot = "";
			targets = (
				AE54A0E7207B0FDD000EC38C /* tabata */,
			);
		};
/* End PBXProject section */

/* Begin PBXResourcesBuildPhase section */
		AE54A0E6207B0FDD000EC38C /* Resources */ = {
			isa = PBXResourcesBuildPhase;
			buildActionMask = 2147483647;
			files = (
				AE54A0F6207B0FDD000EC38C /* LaunchScreen.storyboard in Resources */,
				AE54A0F3207B0FDD000EC38C /* Assets.xcassets in Resources */,
				AE54A0F1207B0FDD000EC38C /* Main.storyboard in Resources */,
			);
			runOnlyForDeploymentPostprocessing = 0;
		};
/* End PBXResourcesBuildPhase section */

/* Begin PBXShellScriptBuildPhase section */
		4CC580B3CD02F118EC0E5AE9 /* [CP] Embed Pods Frameworks */ = {
			isa = PBXShellScriptBuildPhase;
			buildActionMask = 2147483647;
			files = (
			);
			inputPaths = (
				"${SRCROOT}/Pods/Target Support Files/Pods-tabata/Pods-tabata-frameworks.sh",
				"${BUILT_PRODUCTS_DIR}/Realm/Realm.framework",
				"${BUILT_PRODUCTS_DIR}/RealmSwift/RealmSwift.framework",
			);
			name = "[CP] Embed Pods Frameworks";
			outputPaths = (
				"${TARGET_BUILD_DIR}/${FRAMEWORKS_FOLDER_PATH}/Realm.framework",
				"${TARGET_BUILD_DIR}/${FRAMEWORKS_FOLDER_PATH}/RealmSwift.framework",
			);
			runOnlyForDeploymentPostprocessing = 0;
			shellPath = /bin/sh;
			shellScript = "\"${SRCROOT}/Pods/Target Support Files/Pods-tabata/Pods-tabata-frameworks.sh\"\n";
			showEnvVarsInLog = 0;
		};
		C42A5AE313FDA37C104C5FA1 /* [CP] Copy Pods Resources */ = {
			isa = PBXShellScriptBuildPhase;
			buildActionMask = 2147483647;
			files = (
			);
			inputPaths = (
			);
			name = "[CP] Copy Pods Resources";
			outputPaths = (
			);
			runOnlyForDeploymentPostprocessing = 0;
			shellPath = /bin/sh;
			shellScript = "\"${SRCROOT}/Pods/Target Support Files/Pods-tabata/Pods-tabata-resources.sh\"\n";
			showEnvVarsInLog = 0;
		};
		F6B5975FB944B4B5AC22FD25 /* [CP] Check Pods Manifest.lock */ = {
			isa = PBXShellScriptBuildPhase;
			buildActionMask = 2147483647;
			files = (
			);
			inputPaths = (
				"${PODS_PODFILE_DIR_PATH}/Podfile.lock",
				"${PODS_ROOT}/Manifest.lock",
			);
			name = "[CP] Check Pods Manifest.lock";
			outputPaths = (
				"$(DERIVED_FILE_DIR)/Pods-tabata-checkManifestLockResult.txt",
			);
			runOnlyForDeploymentPostprocessing = 0;
			shellPath = /bin/sh;
			shellScript = "diff \"${PODS_PODFILE_DIR_PATH}/Podfile.lock\" \"${PODS_ROOT}/Manifest.lock\" > /dev/null\nif [ $? != 0 ] ; then\n    # print error to STDERR\n    echo \"error: The sandbox is not in sync with the Podfile.lock. Run 'pod install' or update your CocoaPods installation.\" >&2\n    exit 1\nfi\n# This output is used by Xcode 'outputs' to avoid re-running this script phase.\necho \"SUCCESS\" > \"${SCRIPT_OUTPUT_FILE_0}\"\n";
			showEnvVarsInLog = 0;
		};
/* End PBXShellScriptBuildPhase section */

/* Begin PBXSourcesBuildPhase section */
		AE54A0E4207B0FDD000EC38C /* Sources */ = {
			isa = PBXSourcesBuildPhase;
			buildActionMask = 2147483647;
			files = (
				AE893E3C207F0E68005F9229 /* NibLoadableView.swift in Sources */,
				AE54A0EE207B0FDD000EC38C /* homeVC.swift in Sources */,
				AE893E3A207F0E49005F9229 /* ReusableView.swift in Sources */,
				AE54A0EC207B0FDD000EC38C /* AppDelegate.swift in Sources */,
				AE893E3E207F0E81005F9229 /* UITableView+Ext.swift in Sources */,
				AE893E42207F0EA7005F9229 /* Workout.swift in Sources */,
				AE893E40207F0E9A005F9229 /* WorkoutDataService.swift in Sources */,
				AE893E38207F0DE2005F9229 /* editVC.swift in Sources */,
				AE893E36207F0DD7005F9229 /* workoutVC.swift in Sources */,
			);
			runOnlyForDeploymentPostprocessing = 0;
		};
/* End PBXSourcesBuildPhase section */

/* Begin PBXVariantGroup section */
		AE54A0EF207B0FDD000EC38C /* Main.storyboard */ = {
			isa = PBXVariantGroup;
			children = (
				AE54A0F0207B0FDD000EC38C /* Base */,
			);
			name = Main.storyboard;
			sourceTree = "<group>";
		};
		AE54A0F4207B0FDD000EC38C /* LaunchScreen.storyboard */ = {
			isa = PBXVariantGroup;
			children = (
				AE54A0F5207B0FDD000EC38C /* Base */,
			);
			name = LaunchScreen.storyboard;
			sourceTree = "<group>";
		};
/* End PBXVariantGroup section */

/* Begin XCBuildConfiguration section */
		AE54A0F8207B0FDD000EC38C /* Debug */ = {
			isa = XCBuildConfiguration;
			buildSettings = {
				ALWAYS_SEARCH_USER_PATHS = NO;
				CLANG_ANALYZER_NONNULL = YES;
				CLANG_ANALYZER_NUMBER_OBJECT_CONVERSION = YES_AGGRESSIVE;
				CLANG_CXX_LANGUAGE_STANDARD = "gnu++14";
				CLANG_CXX_LIBRARY = "libc++";
				CLANG_ENABLE_MODULES = YES;
				CLANG_ENABLE_OBJC_ARC = YES;
				CLANG_WARN_BLOCK_CAPTURE_AUTORELEASING = YES;
				CLANG_WARN_BOOL_CONVERSION = YES;
				CLANG_WARN_COMMA = YES;
				CLANG_WARN_CONSTANT_CONVERSION = YES;
				CLANG_WARN_DIRECT_OBJC_ISA_USAGE = YES_ERROR;
				CLANG_WARN_DOCUMENTATION_COMMENTS = YES;
				CLANG_WARN_EMPTY_BODY = YES;
				CLANG_WARN_ENUM_CONVERSION = YES;
				CLANG_WARN_INFINITE_RECURSION = YES;
				CLANG_WARN_INT_CONVERSION = YES;
				CLANG_WARN_NON_LITERAL_NULL_CONVERSION = YES;
				CLANG_WARN_OBJC_LITERAL_CONVERSION = YES;
				CLANG_WARN_OBJC_ROOT_CLASS = YES_ERROR;
				CLANG_WARN_RANGE_LOOP_ANALYSIS = YES;
				CLANG_WARN_STRICT_PROTOTYPES = YES;
				CLANG_WARN_SUSPICIOUS_MOVE = YES;
				CLANG_WARN_UNGUARDED_AVAILABILITY = YES_AGGRESSIVE;
				CLANG_WARN_UNREACHABLE_CODE = YES;
				CLANG_WARN__DUPLICATE_METHOD_MATCH = YES;
				CODE_SIGN_IDENTITY = "iPhone Developer";
				COPY_PHASE_STRIP = NO;
				DEBUG_INFORMATION_FORMAT = dwarf;
				ENABLE_STRICT_OBJC_MSGSEND = YES;
				ENABLE_TESTABILITY = YES;
				GCC_C_LANGUAGE_STANDARD = gnu11;
				GCC_DYNAMIC_NO_PIC = NO;
				GCC_NO_COMMON_BLOCKS = YES;
				GCC_OPTIMIZATION_LEVEL = 0;
				GCC_PREPROCESSOR_DEFINITIONS = (
					"DEBUG=1",
					"$(inherited)",
				);
				GCC_WARN_64_TO_32_BIT_CONVERSION = YES;
				GCC_WARN_ABOUT_RETURN_TYPE = YES_ERROR;
				GCC_WARN_UNDECLARED_SELECTOR = YES;
				GCC_WARN_UNINITIALIZED_AUTOS = YES_AGGRESSIVE;
				GCC_WARN_UNUSED_FUNCTION = YES;
				GCC_WARN_UNUSED_VARIABLE = YES;
				IPHONEOS_DEPLOYMENT_TARGET = 11.2;
				MTL_ENABLE_DEBUG_INFO = YES;
				ONLY_ACTIVE_ARCH = YES;
				SDKROOT = iphoneos;
				SWIFT_ACTIVE_COMPILATION_CONDITIONS = DEBUG;
				SWIFT_OPTIMIZATION_LEVEL = "-Onone";
			};
			name = Debug;
		};
		AE54A0F9207B0FDD000EC38C /* Release */ = {
			isa = XCBuildConfiguration;
			buildSettings = {
				ALWAYS_SEARCH_USER_PATHS = NO;
				CLANG_ANALYZER_NONNULL = YES;
				CLANG_ANALYZER_NUMBER_OBJECT_CONVERSION = YES_AGGRESSIVE;
				CLANG_CXX_LANGUAGE_STANDARD = "gnu++14";
				CLANG_CXX_LIBRARY = "libc++";
				CLANG_ENABLE_MODULES = YES;
				CLANG_ENABLE_OBJC_ARC = YES;
				CLANG_WARN_BLOCK_CAPTURE_AUTORELEASING = YES;
				CLANG_WARN_BOOL_CONVERSION = YES;
				CLANG_WARN_COMMA = YES;
				CLANG_WARN_CONSTANT_CONVERSION = YES;
				CLANG_WARN_DIRECT_OBJC_ISA_USAGE = YES_ERROR;
				CLANG_WARN_DOCUMENTATION_COMMENTS = YES;
				CLANG_WARN_EMPTY_BODY = YES;
				CLANG_WARN_ENUM_CONVERSION = YES;
				CLANG_WARN_INFINITE_RECURSION = YES;
				CLANG_WARN_INT_CONVERSION = YES;
				CLANG_WARN_NON_LITERAL_NULL_CONVERSION = YES;
				CLANG_WARN_OBJC_LITERAL_CONVERSION = YES;
				CLANG_WARN_OBJC_ROOT_CLASS = YES_ERROR;
				CLANG_WARN_RANGE_LOOP_ANALYSIS = YES;
				CLANG_WARN_STRICT_PROTOTYPES = YES;
				CLANG_WARN_SUSPICIOUS_MOVE = YES;
				CLANG_WARN_UNGUARDED_AVAILABILITY = YES_AGGRESSIVE;
				CLANG_WARN_UNREACHABLE_CODE = YES;
				CLANG_WARN__DUPLICATE_METHOD_MATCH = YES;
				CODE_SIGN_IDENTITY = "iPhone Developer";
				COPY_PHASE_STRIP = NO;
				DEBUG_INFORMATION_FORMAT = "dwarf-with-dsym";
				ENABLE_NS_ASSERTIONS = NO;
				ENABLE_STRICT_OBJC_MSGSEND = YES;
				GCC_C_LANGUAGE_STANDARD = gnu11;
				GCC_NO_COMMON_BLOCKS = YES;
				GCC_WARN_64_TO_32_BIT_CONVERSION = YES;
				GCC_WARN_ABOUT_RETURN_TYPE = YES_ERROR;
				GCC_WARN_UNDECLARED_SELECTOR = YES;
				GCC_WARN_UNINITIALIZED_AUTOS = YES_AGGRESSIVE;
				GCC_WARN_UNUSED_FUNCTION = YES;
				GCC_WARN_UNUSED_VARIABLE = YES;
				IPHONEOS_DEPLOYMENT_TARGET = 11.2;
				MTL_ENABLE_DEBUG_INFO = NO;
				SDKROOT = iphoneos;
				SWIFT_OPTIMIZATION_LEVEL = "-Owholemodule";
				VALIDATE_PRODUCT = YES;
			};
			name = Release;
		};
		AE54A0FB207B0FDD000EC38C /* Debug */ = {
			isa = XCBuildConfiguration;
			baseConfigurationReference = 983B0FB256EDA57FE734AF95 /* Pods-tabata.debug.xcconfig */;
			buildSettings = {
				ASSETCATALOG_COMPILER_APPICON_NAME = AppIcon;
				CODE_SIGN_STYLE = Automatic;
				DEVELOPMENT_TEAM = DPBA8FX7MF;
				INFOPLIST_FILE = tabata/Info.plist;
				LD_RUNPATH_SEARCH_PATHS = "$(inherited) @executable_path/Frameworks";
				PRODUCT_BUNDLE_IDENTIFIER = com.ForestPlasencia.tabata;
				PRODUCT_NAME = "$(TARGET_NAME)";
				SWIFT_VERSION = 4.0;
				TARGETED_DEVICE_FAMILY = "1,2";
			};
			name = Debug;
		};
		AE54A0FC207B0FDD000EC38C /* Release */ = {
			isa = XCBuildConfiguration;
			baseConfigurationReference = D80648465FA39C65CB8E48B8 /* Pods-tabata.release.xcconfig */;
			buildSettings = {
				ASSETCATALOG_COMPILER_APPICON_NAME = AppIcon;
				CODE_SIGN_STYLE = Automatic;
				DEVELOPMENT_TEAM = DPBA8FX7MF;
				INFOPLIST_FILE = tabata/Info.plist;
				LD_RUNPATH_SEARCH_PATHS = "$(inherited) @executable_path/Frameworks";
				PRODUCT_BUNDLE_IDENTIFIER = com.ForestPlasencia.tabata;
				PRODUCT_NAME = "$(TARGET_NAME)";
				SWIFT_VERSION = 4.0;
				TARGETED_DEVICE_FAMILY = "1,2";
			};
			name = Release;
		};
/* End XCBuildConfiguration section */

/* Begin XCConfigurationList section */
		AE54A0E3207B0FDD000EC38C /* Build configuration list for PBXProject "tabata" */ = {
			isa = XCConfigurationList;
			buildConfigurations = (
				AE54A0F8207B0FDD000EC38C /* Debug */,
				AE54A0F9207B0FDD000EC38C /* Release */,
			);
			defaultConfigurationIsVisible = 0;
			defaultConfigurationName = Release;
		};
		AE54A0FA207B0FDD000EC38C /* Build configuration list for PBXNativeTarget "tabata" */ = {
			isa = XCConfigurationList;
			buildConfigurations = (
				AE54A0FB207B0FDD000EC38C /* Debug */,
				AE54A0FC207B0FDD000EC38C /* Release */,
			);
			defaultConfigurationIsVisible = 0;
			defaultConfigurationName = Release;
		};
/* End XCConfigurationList section */
	};
	rootObject = AE54A0E0207B0FDD000EC38C /* Project object */;
}
